
Microsoft Visual Studio Solution File, Format Version 12.00
# Visual Studio Version 17
VisualStudioVersion = 17.11.35312.102
MinimumVisualStudioVersion = 10.0.40219.1
Project("{FAE04EC0-301F-11D3-BF4B-00C04F79EFBC}") = "GitHubExersise", "GitHubExersise.csproj", "{7259112C-3399-4E18-ABFF-E701F426DF5A}"
EndProject
Global
	GlobalSection(SolutionConfigurationPlatforms) = preSolution
		Debug|Any CPU = Debug|Any CPU
		Release|Any CPU = Release|Any CPU
	EndGlobalSection
	GlobalSection(ProjectConfigurationPlatforms) = postSolution
		{7259112C-3399-4E18-ABFF-E701F426DF5A}.Debug|Any CPU.ActiveCfg = Debug|Any CPU
		{7259112C-3399-4E18-ABFF-E701F426DF5A}.Debug|Any CPU.Build.0 = Debug|Any CPU
		{7259112C-3399-4E18-ABFF-E701F426DF5A}.Release|Any CPU.ActiveCfg = Release|Any CPU
		{7259112C-3399-4E18-ABFF-E701F426DF5A}.Release|Any CPU.Build.0 = Release|Any CPU
	EndGlobalSection
	GlobalSection(SolutionProperties) = preSolution
		HideSolutionNode = FALSE
	EndGlobalSection
	GlobalSection(ExtensibilityGlobals) = postSolution
		SolutionGuid = {7890CD39-C0A5-4411-BC36-9395B5E1E5A2}
	EndGlobalSection
EndGlobal
